[[package]]
name = "aiofiles"
version = "22.1.0"
description = "File support for asyncio."
category = "main"
optional = false
python-versions = ">=3.7,<4.0"

[[package]]
name = "boto3"
version = "1.26.47"
description = "The AWS SDK for Python"
category = "main"
optional = false
python-versions = ">= 3.7"

[package.dependencies]
botocore = ">=1.29.47,<1.30.0"
jmespath = ">=0.7.1,<2.0.0"
s3transfer = ">=0.6.0,<0.7.0"

[package.extras]
crt = ["botocore[crt] (>=1.21.0,<2.0a0)"]

[[package]]
name = "botocore"
version = "1.29.47"
description = "Low-level, data-driven core of boto 3."
category = "main"
optional = false
python-versions = ">= 3.7"

[package.dependencies]
jmespath = ">=0.7.1,<2.0.0"
python-dateutil = ">=2.1,<3.0.0"
urllib3 = ">=1.25.4,<1.27"

[package.extras]
crt = ["awscrt (==0.15.3)"]

[[package]]
name = "certifi"
version = "2022.12.7"
description = "Python package for providing Mozilla's CA Bundle."
category = "main"
optional = false
python-versions = ">=3.6"

[[package]]
name = "charset-normalizer"
version = "2.1.1"
description = "The Real First Universal Charset Detector. Open, modern and actively maintained alternative to Chardet."
category = "main"
optional = false
python-versions = ">=3.6.0"

[package.extras]
unicode_backport = ["unicodedata2"]

[[package]]
name = "enum-compat"
version = "0.0.3"
description = "enum/enum34 compatibility package"
category = "main"
optional = false
python-versions = "*"

[[package]]
name = "grpcio"
version = "1.51.1"
description = "HTTP/2-based RPC framework"
category = "main"
optional = false
python-versions = ">=3.7"

[package.extras]
protobuf = ["grpcio-tools (>=1.51.1)"]

[[package]]
name = "httptools"
version = "0.5.0"
description = "A collection of framework independent HTTP protocol utils."
category = "main"
optional = false
python-versions = ">=3.5.0"

[package.extras]
test = ["Cython (>=0.29.24,<0.30.0)"]

[[package]]
name = "idna"
version = "3.4"
description = "Internationalized Domain Names in Applications (IDNA)"
category = "main"
optional = false
python-versions = ">=3.5"

[[package]]
name = "jmespath"
version = "1.0.1"
description = "JSON Matching Expressions"
category = "main"
optional = false
python-versions = ">=3.7"

[[package]]
name = "multidict"
version = "6.0.4"
description = "multidict implementation"
category = "main"
optional = false
python-versions = ">=3.7"

[[package]]
name = "packaging"
version = "23.0"
description = "Core utilities for Python packages"
category = "main"
optional = false
python-versions = ">=3.7"

[[package]]
name = "protobuf"
version = "4.21.12"
description = ""
category = "main"
optional = false
python-versions = ">=3.7"

[[package]]
name = "python-dateutil"
version = "2.8.2"
description = "Extensions to the standard Python datetime module"
category = "main"
optional = false
python-versions = "!=3.0.*,!=3.1.*,!=3.2.*,>=2.7"

[package.dependencies]
six = ">=1.5"

[[package]]
name = "requests"
version = "2.28.1"
description = "Python HTTP for Humans."
category = "main"
optional = false
python-versions = ">=3.7, <4"

[package.dependencies]
certifi = ">=2017.4.17"
charset-normalizer = ">=2,<3"
idna = ">=2.5,<4"
urllib3 = ">=1.21.1,<1.27"

[package.extras]
socks = ["PySocks (>=1.5.6,!=1.5.7)"]
use_chardet_on_py3 = ["chardet (>=3.0.2,<6)"]

[[package]]
name = "s3transfer"
version = "0.6.0"
description = "An Amazon S3 Transfer Manager"
category = "main"
optional = false
python-versions = ">= 3.7"

[package.dependencies]
botocore = ">=1.12.36,<2.0a.0"

[package.extras]
crt = ["botocore[crt] (>=1.20.29,<2.0a.0)"]

[[package]]
name = "sanic"
version = "22.12.0"
description = "A web server and web framework that's written to go fast. Build fast. Run fast."
category = "main"
optional = false
python-versions = ">=3.7"

[package.dependencies]
aiofiles = ">=0.6.0"
httptools = ">=0.0.10"
multidict = ">=5.0,<7.0"
sanic-routing = ">=22.8.0"
ujson = {version = ">=1.35", markers = "sys_platform != \"win32\" and implementation_name == \"cpython\""}
uvloop = {version = ">=0.15.0", markers = "sys_platform != \"win32\" and implementation_name == \"cpython\""}
websockets = ">=10.0"

[package.extras]
all = ["pytest-sanic", "coverage", "sphinx (>=2.1.2)", "docutils", "pygments", "bandit", "beautifulsoup4", "sanic-testing (>=22.9.0)", "pytest (>=7.1.0,<7.2.0)", "sphinx-rtd-theme (>=0.4.3)", "chardet (>=3.0.0,<4.0.0)", "flake8", "m2r2", "enum-tools", "cryptography", "black", "uvicorn (<0.15.0)", "isort (>=5.0.0)", "tox", "pytest-benchmark", "slotscheck (>=0.8.0,<1)", "towncrier", "mypy (>=0.901,<0.910)", "mistune (<2.0.0)", "types-ujson"]
dev = ["sanic-testing (>=22.9.0)", "pytest (>=7.1.0,<7.2.0)", "coverage", "beautifulsoup4", "pytest-sanic", "pytest-benchmark", "chardet (>=3.0.0,<4.0.0)", "flake8", "black", "isort (>=5.0.0)", "bandit", "mypy (>=0.901,<0.910)", "docutils", "pygments", "uvicorn (<0.15.0)", "slotscheck (>=0.8.0,<1)", "cryptography", "tox", "towncrier", "types-ujson"]
docs = ["sphinx (>=2.1.2)", "sphinx-rtd-theme (>=0.4.3)", "docutils", "pygments", "m2r2", "enum-tools", "mistune (<2.0.0)"]
ext = ["sanic-ext"]
http3 = ["aioquic"]
test = ["sanic-testing (>=22.9.0)", "pytest (>=7.1.0,<7.2.0)", "coverage", "beautifulsoup4", "pytest-sanic", "pytest-benchmark", "chardet (>=3.0.0,<4.0.0)", "flake8", "black", "isort (>=5.0.0)", "bandit", "mypy (>=0.901,<0.910)", "docutils", "pygments", "uvicorn (<0.15.0)", "slotscheck (>=0.8.0,<1)", "types-ujson"]

[[package]]
name = "sanic-routing"
version = "22.8.0"
description = "Core routing component for Sanic"
category = "main"
optional = false
python-versions = "*"

[[package]]
name = "six"
version = "1.16.0"
description = "Python 2 and 3 compatibility utilities"
category = "main"
optional = false
python-versions = ">=2.7, !=3.0.*, !=3.1.*, !=3.2.*"

[[package]]
name = "ujson"
version = "5.7.0"
description = "Ultra fast JSON encoder and decoder for Python"
category = "main"
optional = false
python-versions = ">=3.7"

[[package]]
name = "urllib3"
version = "1.26.14"
description = "HTTP library with thread-safe connection pooling, file post, and more."
category = "main"
optional = false
python-versions = ">=2.7, !=3.0.*, !=3.1.*, !=3.2.*, !=3.3.*, !=3.4.*, !=3.5.*"

[package.extras]
brotli = ["brotlicffi (>=0.8.0)", "brotli (>=1.0.9)", "brotlipy (>=0.6.0)"]
secure = ["pyOpenSSL (>=0.14)", "cryptography (>=1.3.4)", "idna (>=2.0.0)", "certifi", "urllib3-secure-extra", "ipaddress"]
socks = ["PySocks (>=1.5.6,!=1.5.7,<2.0)"]

[[package]]
name = "uvloop"
version = "0.17.0"
description = "Fast implementation of asyncio event loop on top of libuv"
category = "main"
optional = false
python-versions = ">=3.7"

[package.extras]
dev = ["Cython (>=0.29.32,<0.30.0)", "pytest (>=3.6.0)", "Sphinx (>=4.1.2,<4.2.0)", "sphinxcontrib-asyncio (>=0.3.0,<0.4.0)", "sphinx-rtd-theme (>=0.5.2,<0.6.0)", "flake8 (>=3.9.2,<3.10.0)", "psutil", "pycodestyle (>=2.7.0,<2.8.0)", "pyOpenSSL (>=22.0.0,<22.1.0)", "mypy (>=0.800)", "aiohttp"]
docs = ["Sphinx (>=4.1.2,<4.2.0)", "sphinxcontrib-asyncio (>=0.3.0,<0.4.0)", "sphinx-rtd-theme (>=0.5.2,<0.6.0)"]
test = ["flake8 (>=3.9.2,<3.10.0)", "psutil", "pycodestyle (>=2.7.0,<2.8.0)", "pyOpenSSL (>=22.0.0,<22.1.0)", "mypy (>=0.800)", "Cython (>=0.29.32,<0.30.0)", "aiohttp"]

[[package]]
name = "websockets"
version = "10.4"
description = "An implementation of the WebSocket Protocol (RFC 6455 & 7692)"
category = "main"
optional = false
python-versions = ">=3.7"

[[package]]
name = "ydb"
version = "2.12.0"
description = "YDB Python SDK"
category = "main"
optional = false
python-versions = "*"

[package.dependencies]
enum-compat = ">=0.0.1"
grpcio = ">=1.5.0"
packaging = "*"
protobuf = ">=3.13.0"

[package.extras]
yc = ["yandexcloud"]

[metadata]
lock-version = "1.1"
python-versions = "^3.9"
content-hash = "b2ae4e457ecf54dd4ec15481cb29f4cee748f58ff0240bfd1d7fe829099321c7"

[metadata.files]
aiofiles = []
boto3 = []
botocore = []
certifi = []
charset-normalizer = []
enum-compat = []
grpcio = []
httptools = []
idna = []
jmespath = []
multidict = []
packaging = []
protobuf = []
python-dateutil = [
    {file = "python-dateutil-2.8.2.tar.gz", hash = "sha256:0123cacc1627ae19ddf3c27a5de5bd67ee4586fbdd6440d9748f8abb483d3e86"},
    {file = "python_dateutil-2.8.2-py2.py3-none-any.whl", hash = "sha256:961d03dc3453ebbc59dbdea9e4e11c5651520a876d0f4db161e8674aae935da9"},
]
requests = []
s3transfer = []
sanic = []
sanic-routing = []
six = [
    {file = "six-1.16.0-py2.py3-none-any.whl", hash = "sha256:8abb2f1d86890a2dfb989f9a77cfcfd3e47c2a354b01111771326f8aa26e0254"},
    {file = "six-1.16.0.tar.gz", hash = "sha256:1e61c37477a1626458e36f7b1d82aa5c9b094fa4802892072e49de9c60c4c926"},
]
ujson = []
urllib3 = []
uvloop = []
websockets = []
ydb = []
